
Microsoft Visual Studio Solution File, Format Version 12.00
# Visual Studio 15
VisualStudioVersion = 15.0.27703.2018
MinimumVisualStudioVersion = 10.0.40219.1
Project("{FAE04EC0-301F-11D3-BF4B-00C04F79EFBC}") = "GMS.Data", "GMS.Data\GMS.Data.csproj", "{22B7233D-B347-482D-ADAB-CB9A1280E045}"
EndProject
Project("{2150E333-8FDC-42A3-9474-1A3956D46DE8}") = "4 - Infra", "4 - Infra", "{21994781-53A1-4950-84EF-1B85C3D32CD9}"
EndProject
Project("{2150E333-8FDC-42A3-9474-1A3956D46DE8}") = "1 - UI", "1 - UI", "{64BE6C68-669D-4793-AD3E-E5E4B902B6CB}"
EndProject
Project("{2150E333-8FDC-42A3-9474-1A3956D46DE8}") = "3 - Domain", "3 - Domain", "{18B875B7-1ED9-4520-BBF8-5E87142E4FCA}"
EndProject
Project("{2150E333-8FDC-42A3-9474-1A3956D46DE8}") = "5 - Helpers", "5 - Helpers", "{B8C3DDF8-5969-427B-971B-C473A31958CB}"
EndProject
Project("{FAE04EC0-301F-11D3-BF4B-00C04F79EFBC}") = "GMS.Helpers", "GMS.Helpers\GMS.Helpers.csproj", "{347F725E-CE6C-4ECC-9627-BD057FDA2BA6}"
EndProject
Project("{FAE04EC0-301F-11D3-BF4B-00C04F79EFBC}") = "GMS.Domain", "GMS.Domain\GMS.Domain.csproj", "{FA2361E9-8147-45AA-8361-6DC164F8D325}"
EndProject
Project("{2150E333-8FDC-42A3-9474-1A3956D46DE8}") = "2 - App", "2 - App", "{39E7E89B-B2E5-4968-A37C-83CE11846757}"
EndProject
Project("{FAE04EC0-301F-11D3-BF4B-00C04F79EFBC}") = "GMS.App", "GMS.App\GMS.App.csproj", "{EF147C4E-BE2A-43FC-98EA-9A7088144793}"
EndProject
Project("{FAE04EC0-301F-11D3-BF4B-00C04F79EFBC}") = "GMS.UI", "GMS.UI\GMS.UI.csproj", "{1C9A978B-BC57-44B4-86DC-AFA74253B71F}"
EndProject
Global
	GlobalSection(SolutionConfigurationPlatforms) = preSolution
		Debug|Any CPU = Debug|Any CPU
		Release|Any CPU = Release|Any CPU
	EndGlobalSection
	GlobalSection(ProjectConfigurationPlatforms) = postSolution
		{22B7233D-B347-482D-ADAB-CB9A1280E045}.Debug|Any CPU.ActiveCfg = Debug|Any CPU
		{22B7233D-B347-482D-ADAB-CB9A1280E045}.Debug|Any CPU.Build.0 = Debug|Any CPU
		{22B7233D-B347-482D-ADAB-CB9A1280E045}.Release|Any CPU.ActiveCfg = Release|Any CPU
		{22B7233D-B347-482D-ADAB-CB9A1280E045}.Release|Any CPU.Build.0 = Release|Any CPU
		{347F725E-CE6C-4ECC-9627-BD057FDA2BA6}.Debug|Any CPU.ActiveCfg = Debug|Any CPU
		{347F725E-CE6C-4ECC-9627-BD057FDA2BA6}.Debug|Any CPU.Build.0 = Debug|Any CPU
		{347F725E-CE6C-4ECC-9627-BD057FDA2BA6}.Release|Any CPU.ActiveCfg = Release|Any CPU
		{347F725E-CE6C-4ECC-9627-BD057FDA2BA6}.Release|Any CPU.Build.0 = Release|Any CPU
		{FA2361E9-8147-45AA-8361-6DC164F8D325}.Debug|Any CPU.ActiveCfg = Debug|Any CPU
		{FA2361E9-8147-45AA-8361-6DC164F8D325}.Debug|Any CPU.Build.0 = Debug|Any CPU
		{FA2361E9-8147-45AA-8361-6DC164F8D325}.Release|Any CPU.ActiveCfg = Release|Any CPU
		{FA2361E9-8147-45AA-8361-6DC164F8D325}.Release|Any CPU.Build.0 = Release|Any CPU
		{EF147C4E-BE2A-43FC-98EA-9A7088144793}.Debug|Any CPU.ActiveCfg = Debug|Any CPU
		{EF147C4E-BE2A-43FC-98EA-9A7088144793}.Debug|Any CPU.Build.0 = Debug|Any CPU
		{EF147C4E-BE2A-43FC-98EA-9A7088144793}.Release|Any CPU.ActiveCfg = Release|Any CPU
		{EF147C4E-BE2A-43FC-98EA-9A7088144793}.Release|Any CPU.Build.0 = Release|Any CPU
		{1C9A978B-BC57-44B4-86DC-AFA74253B71F}.Debug|Any CPU.ActiveCfg = Debug|Any CPU
		{1C9A978B-BC57-44B4-86DC-AFA74253B71F}.Debug|Any CPU.Build.0 = Debug|Any CPU
		{1C9A978B-BC57-44B4-86DC-AFA74253B71F}.Release|Any CPU.ActiveCfg = Release|Any CPU
		{1C9A978B-BC57-44B4-86DC-AFA74253B71F}.Release|Any CPU.Build.0 = Release|Any CPU
	EndGlobalSection
	GlobalSection(SolutionProperties) = preSolution
		HideSolutionNode = FALSE
	EndGlobalSection
	GlobalSection(NestedProjects) = preSolution
		{22B7233D-B347-482D-ADAB-CB9A1280E045} = {21994781-53A1-4950-84EF-1B85C3D32CD9}
		{347F725E-CE6C-4ECC-9627-BD057FDA2BA6} = {B8C3DDF8-5969-427B-971B-C473A31958CB}
		{FA2361E9-8147-45AA-8361-6DC164F8D325} = {18B875B7-1ED9-4520-BBF8-5E87142E4FCA}
		{EF147C4E-BE2A-43FC-98EA-9A7088144793} = {39E7E89B-B2E5-4968-A37C-83CE11846757}
		{1C9A978B-BC57-44B4-86DC-AFA74253B71F} = {64BE6C68-669D-4793-AD3E-E5E4B902B6CB}
	EndGlobalSection
	GlobalSection(ExtensibilityGlobals) = postSolution
		SolutionGuid = {438C952C-C5FF-4ACC-AC61-B44658C16BEB}
	EndGlobalSection
EndGlobal
